// !$*UTF8*$!
{
	archiveVersion = 1;
	classes = {
	};
	objectVersion = 46;
	objects = {

/* Begin PBXBuildFile section */
		0243600AC596D12EA9DEA8600E383C3A /* BayaScrollLayout.swift in Sources */ = {isa = PBXBuildFile; fileRef = 8BC9B3AF9D8626752F9B1C3BA5213E0C /* BayaScrollLayout.swift */; };
		036C5E81C301B4FF37042FE015A71E99 /* BayaOriginResetTests.swift in Sources */ = {isa = PBXBuildFile; fileRef = BF3776903B642D6111EB212CDC393D5F /* BayaOriginResetTests.swift */; };
		0F8D77F19781CEE7FF2E200164FCB5C8 /* BayaLayoutIterator.swift in Sources */ = {isa = PBXBuildFile; fileRef = 8C4E7D84317FDC04993475BF374FEDF1 /* BayaLayoutIterator.swift */; };
		166282AEFE359E02497A6BC6D6FBF4CD /* BayaEqualSegmentsLayout.swift in Sources */ = {isa = PBXBuildFile; fileRef = 5D8AD67133785034D9108D0B74D6B0B4 /* BayaEqualSegmentsLayout.swift */; };
		18372E663DD7AFD15112EE61C0FB4684 /* BayaFlexibleContentLayout.swift in Sources */ = {isa = PBXBuildFile; fileRef = AF4F8F4BCC964D7343AAACBD60D370E8 /* BayaFlexibleContentLayout.swift */; };
		184BCA06BDCC2102EE128519C5AED0DB /* BayaFrameTests.swift in Sources */ = {isa = PBXBuildFile; fileRef = 798A5583106F36F2496D119CDC48E06D /* BayaFrameTests.swift */; };
		23F7B2F6634422B164F40FA71D212F9B /* BayaLinearTests.swift in Sources */ = {isa = PBXBuildFile; fileRef = 58378CD74DB24590479AD25E6EEEFAFF /* BayaLinearTests.swift */; };
		27F1EB8141D14DFB6BB2B8E7C5F50D5B /* Baya.h in Headers */ = {isa = PBXBuildFile; fileRef = 474B16E506C4899E87E404FB66A54B79 /* Baya.h */; settings = {ATTRIBUTES = (Public, ); }; };
		31E18B2D5F805AF0D7F9783AE373751A /* BayaPercentalSizeLayout.swift in Sources */ = {isa = PBXBuildFile; fileRef = 3C4057CB0A97B9D4CF21CB311EBC19E6 /* BayaPercentalSizeLayout.swift */; };
		3287A13522FEBB3DE157BFAAC959A003 /* BayaFixedSizeLayout.swift in Sources */ = {isa = PBXBuildFile; fileRef = 371FCE8E095D6D8DCB94FFF7E7F18BD7 /* BayaFixedSizeLayout.swift */; };
		3CB2D65E569E003976E7FCBC2A5308FE /* BayaLinearLayout.swift in Sources */ = {isa = PBXBuildFile; fileRef = BFDA2896654D28CABD15D4FB18BE3257 /* BayaLinearLayout.swift */; };
		54471EE876C4D0A85C07780C38A45B3D /* BayaOriginResetLayout.swift in Sources */ = {isa = PBXBuildFile; fileRef = 304BCCB876A2BF35B546DBBBD34CC7EB /* BayaOriginResetLayout.swift */; };
		55647CE0A5B62EED7126F800AD038335 /* BayaLayoutMode.swift in Sources */ = {isa = PBXBuildFile; fileRef = 9ECF7203143EF3394814B468B1726D02 /* BayaLayoutMode.swift */; };
		5B9DC9B16B45EADBEF7BC43BF831752A /* BayaEqualSegmentsTests.swift in Sources */ = {isa = PBXBuildFile; fileRef = 567F4070A0548912A6605154490D31E8 /* BayaEqualSegmentsTests.swift */; };
		6EFCFCF5B8663617DC4D0D031608FEC4 /* TestLayoutable.swift in Sources */ = {isa = PBXBuildFile; fileRef = 42AB25E157C90AF7CDC36FAC00EC5191 /* TestLayoutable.swift */; };
		93EE19B9FE075545B1160B7DFBADD3C9 /* BayaGravityTests.swift in Sources */ = {isa = PBXBuildFile; fileRef = D80E3D2E0700FA2FE5031EA7E9BAA560 /* BayaGravityTests.swift */; };
		93FB627410521E8C2EF32B6D7B9C067A /* BayaFlexibleContentTests.swift in Sources */ = {isa = PBXBuildFile; fileRef = D50D104AE5D42A3A84F1C00A35FC5DB2 /* BayaFlexibleContentTests.swift */; };
		963CF5D2C24FE6CB3A98E1EB6E44BCE7 /* BayaLayout.swift in Sources */ = {isa = PBXBuildFile; fileRef = A184C750F9E0F01F14B90E954B6F8A53 /* BayaLayout.swift */; };
		A84CD432AA1C02F7DC2CE6DA701BD4F8 /* BayaGravityLayout.swift in Sources */ = {isa = PBXBuildFile; fileRef = 4BCBC55E061AC05FD0A52BA54CF379F7 /* BayaGravityLayout.swift */; };
		A967692EDD83636DBBDEF9C763389390 /* BayaMatchParentLayout.swift in Sources */ = {isa = PBXBuildFile; fileRef = C6337C103C86EFDFCD1D9DFC8EE1D99B /* BayaMatchParentLayout.swift */; };
		B10E998DA3217C503123282EB55893F2 /* Baya.framework in Frameworks */ = {isa = PBXBuildFile; fileRef = 3769C9AFF9254132BA9F14C5F8ABCEFE /* Baya.framework */; };
		B4D39FCBBB80BF0D269EC9CBDF65C94D /* BayaLayoutOptions.swift in Sources */ = {isa = PBXBuildFile; fileRef = 03EF5DA0EA0BD30BF54EB7C5AE0FE7B5 /* BayaLayoutOptions.swift */; };
		BC627431C4F148663EA3EA5F762EC319 /* BayaPagedScrollLayout.swift in Sources */ = {isa = PBXBuildFile; fileRef = 0345DDDEFF4861E695CC75BF46DE6BB7 /* BayaPagedScrollLayout.swift */; };
		D31CFC47481F2E5A99A43D5550347D68 /* BayaFrameLayout.swift in Sources */ = {isa = PBXBuildFile; fileRef = E7C172F694DAF80EA172DE619B8170D5 /* BayaFrameLayout.swift */; };
		E92AA5F7CC3CEC71FBC66FD6D18EEB35 /* BayaMatchParentTests.swift in Sources */ = {isa = PBXBuildFile; fileRef = 96CE90882C36EBEB4A94CEFC79F3DEF5 /* BayaMatchParentTests.swift */; };
		EEB794FC1342C43EF4F9F3EF7F63080C /* BayaFixedSizeTests.swift in Sources */ = {isa = PBXBuildFile; fileRef = 70AE3FC76A07635C0258A51DE1864434 /* BayaFixedSizeTests.swift */; };
		F82110C8762A8A6BBE717B90D79C5EAD /* BayaLayoutable.swift in Sources */ = {isa = PBXBuildFile; fileRef = 924F17006DF96B052748099236E108F7 /* BayaLayoutable.swift */; };
		FE3CD9AD1B326BBFAC2F7CD74DAA6470 /* BayaSquareLayout.swift in Sources */ = {isa = PBXBuildFile; fileRef = 20CF5B4758F933B73D155E1DB65323A3 /* BayaSquareLayout.swift */; };
/* End PBXBuildFile section */

/* Begin PBXContainerItemProxy section */
		6D11D46A8C07B187513DC2D8ADE47DE0 /* PBXContainerItemProxy */ = {
			isa = PBXContainerItemProxy;
			containerPortal = B40722EEF2F261335BF3ACBB7697AC4E /* Project object */;
			proxyType = 1;
			remoteGlobalIDString = 62F0E6C68DBA0BB806E5858792B3CAE4;
			remoteInfo = Baya;
		};
/* End PBXContainerItemProxy section */

/* Begin PBXFileReference section */
		0079ECC8B8D989E5F5466D5CB936A9EA /* Info.plist */ = {isa = PBXFileReference; lastKnownFileType = text.plist.xml; path = Info.plist; sourceTree = "<group>"; };
		02B54D90E7314AA21C229310F0A19D15 /* BayaTests.xctest */ = {isa = PBXFileReference; explicitFileType = wrapper.cfbundle; includeInIndex = 0; path = BayaTests.xctest; sourceTree = BUILT_PRODUCTS_DIR; };
		0345DDDEFF4861E695CC75BF46DE6BB7 /* BayaPagedScrollLayout.swift */ = {isa = PBXFileReference; fileEncoding = 4; lastKnownFileType = sourcecode.swift; path = BayaPagedScrollLayout.swift; sourceTree = "<group>"; };
		03EF5DA0EA0BD30BF54EB7C5AE0FE7B5 /* BayaLayoutOptions.swift */ = {isa = PBXFileReference; fileEncoding = 4; lastKnownFileType = sourcecode.swift; path = BayaLayoutOptions.swift; sourceTree = "<group>"; };
		20CF5B4758F933B73D155E1DB65323A3 /* BayaSquareLayout.swift */ = {isa = PBXFileReference; fileEncoding = 4; lastKnownFileType = sourcecode.swift; path = BayaSquareLayout.swift; sourceTree = "<group>"; };
		304BCCB876A2BF35B546DBBBD34CC7EB /* BayaOriginResetLayout.swift */ = {isa = PBXFileReference; fileEncoding = 4; lastKnownFileType = sourcecode.swift; path = BayaOriginResetLayout.swift; sourceTree = "<group>"; };
		371FCE8E095D6D8DCB94FFF7E7F18BD7 /* BayaFixedSizeLayout.swift */ = {isa = PBXFileReference; fileEncoding = 4; lastKnownFileType = sourcecode.swift; path = BayaFixedSizeLayout.swift; sourceTree = "<group>"; };
		3769C9AFF9254132BA9F14C5F8ABCEFE /* Baya.framework */ = {isa = PBXFileReference; explicitFileType = wrapper.framework; includeInIndex = 0; path = Baya.framework; sourceTree = BUILT_PRODUCTS_DIR; };
		3C4057CB0A97B9D4CF21CB311EBC19E6 /* BayaPercentalSizeLayout.swift */ = {isa = PBXFileReference; fileEncoding = 4; lastKnownFileType = sourcecode.swift; path = BayaPercentalSizeLayout.swift; sourceTree = "<group>"; };
		42AB25E157C90AF7CDC36FAC00EC5191 /* TestLayoutable.swift */ = {isa = PBXFileReference; fileEncoding = 4; lastKnownFileType = sourcecode.swift; path = TestLayoutable.swift; sourceTree = "<group>"; };
		474B16E506C4899E87E404FB66A54B79 /* Baya.h */ = {isa = PBXFileReference; lastKnownFileType = sourcecode.c.h; path = Baya.h; sourceTree = "<group>"; };
		4BCBC55E061AC05FD0A52BA54CF379F7 /* BayaGravityLayout.swift */ = {isa = PBXFileReference; fileEncoding = 4; lastKnownFileType = sourcecode.swift; path = BayaGravityLayout.swift; sourceTree = "<group>"; };
		567F4070A0548912A6605154490D31E8 /* BayaEqualSegmentsTests.swift */ = {isa = PBXFileReference; lastKnownFileType = sourcecode.swift; path = BayaEqualSegmentsTests.swift; sourceTree = "<group>"; };
		58378CD74DB24590479AD25E6EEEFAFF /* BayaLinearTests.swift */ = {isa = PBXFileReference; fileEncoding = 4; lastKnownFileType = sourcecode.swift; path = BayaLinearTests.swift; sourceTree = "<group>"; };
		5D8AD67133785034D9108D0B74D6B0B4 /* BayaEqualSegmentsLayout.swift */ = {isa = PBXFileReference; fileEncoding = 4; lastKnownFileType = sourcecode.swift; path = BayaEqualSegmentsLayout.swift; sourceTree = "<group>"; };
		70AE3FC76A07635C0258A51DE1864434 /* BayaFixedSizeTests.swift */ = {isa = PBXFileReference; fileEncoding = 4; lastKnownFileType = sourcecode.swift; path = BayaFixedSizeTests.swift; sourceTree = "<group>"; };
		798A5583106F36F2496D119CDC48E06D /* BayaFrameTests.swift */ = {isa = PBXFileReference; fileEncoding = 4; lastKnownFileType = sourcecode.swift; path = BayaFrameTests.swift; sourceTree = "<group>"; };
		8A2C5EFD699BE0D21A195BB1913A9443 /* Info.plist */ = {isa = PBXFileReference; lastKnownFileType = text.plist.xml; path = Info.plist; sourceTree = "<group>"; };
		8BC9B3AF9D8626752F9B1C3BA5213E0C /* BayaScrollLayout.swift */ = {isa = PBXFileReference; fileEncoding = 4; lastKnownFileType = sourcecode.swift; path = BayaScrollLayout.swift; sourceTree = "<group>"; };
		8C4E7D84317FDC04993475BF374FEDF1 /* BayaLayoutIterator.swift */ = {isa = PBXFileReference; fileEncoding = 4; lastKnownFileType = sourcecode.swift; path = BayaLayoutIterator.swift; sourceTree = "<group>"; };
		924F17006DF96B052748099236E108F7 /* BayaLayoutable.swift */ = {isa = PBXFileReference; fileEncoding = 4; lastKnownFileType = sourcecode.swift; path = BayaLayoutable.swift; sourceTree = "<group>"; };
		96CE90882C36EBEB4A94CEFC79F3DEF5 /* BayaMatchParentTests.swift */ = {isa = PBXFileReference; fileEncoding = 4; lastKnownFileType = sourcecode.swift; path = BayaMatchParentTests.swift; sourceTree = "<group>"; };
		9ECF7203143EF3394814B468B1726D02 /* BayaLayoutMode.swift */ = {isa = PBXFileReference; fileEncoding = 4; lastKnownFileType = sourcecode.swift; path = BayaLayoutMode.swift; sourceTree = "<group>"; };
		A184C750F9E0F01F14B90E954B6F8A53 /* BayaLayout.swift */ = {isa = PBXFileReference; fileEncoding = 4; lastKnownFileType = sourcecode.swift; path = BayaLayout.swift; sourceTree = "<group>"; };
		AF4F8F4BCC964D7343AAACBD60D370E8 /* BayaFlexibleContentLayout.swift */ = {isa = PBXFileReference; fileEncoding = 4; lastKnownFileType = sourcecode.swift; path = BayaFlexibleContentLayout.swift; sourceTree = "<group>"; };
		BF3776903B642D6111EB212CDC393D5F /* BayaOriginResetTests.swift */ = {isa = PBXFileReference; fileEncoding = 4; lastKnownFileType = sourcecode.swift; path = BayaOriginResetTests.swift; sourceTree = "<group>"; };
		BFDA2896654D28CABD15D4FB18BE3257 /* BayaLinearLayout.swift */ = {isa = PBXFileReference; fileEncoding = 4; lastKnownFileType = sourcecode.swift; path = BayaLinearLayout.swift; sourceTree = "<group>"; };
		C6337C103C86EFDFCD1D9DFC8EE1D99B /* BayaMatchParentLayout.swift */ = {isa = PBXFileReference; fileEncoding = 4; lastKnownFileType = sourcecode.swift; path = BayaMatchParentLayout.swift; sourceTree = "<group>"; };
		D50D104AE5D42A3A84F1C00A35FC5DB2 /* BayaFlexibleContentTests.swift */ = {isa = PBXFileReference; fileEncoding = 4; lastKnownFileType = sourcecode.swift; path = BayaFlexibleContentTests.swift; sourceTree = "<group>"; };
		D80E3D2E0700FA2FE5031EA7E9BAA560 /* BayaGravityTests.swift */ = {isa = PBXFileReference; fileEncoding = 4; lastKnownFileType = sourcecode.swift; path = BayaGravityTests.swift; sourceTree = "<group>"; };
		E7C172F694DAF80EA172DE619B8170D5 /* BayaFrameLayout.swift */ = {isa = PBXFileReference; fileEncoding = 4; lastKnownFileType = sourcecode.swift; path = BayaFrameLayout.swift; sourceTree = "<group>"; };
/* End PBXFileReference section */

/* Begin PBXFrameworksBuildPhase section */
		4277EFF983EF9FC3B0BD39147A1BCC69 /* Frameworks */ = {
			isa = PBXFrameworksBuildPhase;
			buildActionMask = 2147483647;
			files = (
				B10E998DA3217C503123282EB55893F2 /* Baya.framework in Frameworks */,
			);
			runOnlyForDeploymentPostprocessing = 0;
		};
		706A6736FE15BB7DFD8CE95FA5653405 /* Frameworks */ = {
			isa = PBXFrameworksBuildPhase;
			buildActionMask = 2147483647;
			files = (
			);
			runOnlyForDeploymentPostprocessing = 0;
		};
/* End PBXFrameworksBuildPhase section */

/* Begin PBXGroup section */
		050138DAEBF112DDA11D57DE648B5ABD /* Baya */ = {
			isa = PBXGroup;
			children = (
				9DA9C9C94B776FAC586E35EFB3179878 /* layouts */,
				474B16E506C4899E87E404FB66A54B79 /* Baya.h */,
				A184C750F9E0F01F14B90E954B6F8A53 /* BayaLayout.swift */,
				8C4E7D84317FDC04993475BF374FEDF1 /* BayaLayoutIterator.swift */,
				9ECF7203143EF3394814B468B1726D02 /* BayaLayoutMode.swift */,
				03EF5DA0EA0BD30BF54EB7C5AE0FE7B5 /* BayaLayoutOptions.swift */,
				924F17006DF96B052748099236E108F7 /* BayaLayoutable.swift */,
				8A2C5EFD699BE0D21A195BB1913A9443 /* Info.plist */,
			);
			path = Baya;
			sourceTree = "<group>";
		};
		12A68E0D4A9294A382D3311095A67B42 /* BayaTests */ = {
			isa = PBXGroup;
			children = (
				567F4070A0548912A6605154490D31E8 /* BayaEqualSegmentsTests.swift */,
				70AE3FC76A07635C0258A51DE1864434 /* BayaFixedSizeTests.swift */,
				D50D104AE5D42A3A84F1C00A35FC5DB2 /* BayaFlexibleContentTests.swift */,
				798A5583106F36F2496D119CDC48E06D /* BayaFrameTests.swift */,
				D80E3D2E0700FA2FE5031EA7E9BAA560 /* BayaGravityTests.swift */,
				58378CD74DB24590479AD25E6EEEFAFF /* BayaLinearTests.swift */,
				96CE90882C36EBEB4A94CEFC79F3DEF5 /* BayaMatchParentTests.swift */,
				BF3776903B642D6111EB212CDC393D5F /* BayaOriginResetTests.swift */,
				0079ECC8B8D989E5F5466D5CB936A9EA /* Info.plist */,
				42AB25E157C90AF7CDC36FAC00EC5191 /* TestLayoutable.swift */,
			);
			path = BayaTests;
			sourceTree = "<group>";
		};
		884DB30C05CC29CA14F485B708833F53 /* Products */ = {
			isa = PBXGroup;
			children = (
				3769C9AFF9254132BA9F14C5F8ABCEFE /* Baya.framework */,
				02B54D90E7314AA21C229310F0A19D15 /* BayaTests.xctest */,
			);
			name = Products;
			sourceTree = "<group>";
		};
		9DA9C9C94B776FAC586E35EFB3179878 /* layouts */ = {
			isa = PBXGroup;
			children = (
				5D8AD67133785034D9108D0B74D6B0B4 /* BayaEqualSegmentsLayout.swift */,
				371FCE8E095D6D8DCB94FFF7E7F18BD7 /* BayaFixedSizeLayout.swift */,
				AF4F8F4BCC964D7343AAACBD60D370E8 /* BayaFlexibleContentLayout.swift */,
				E7C172F694DAF80EA172DE619B8170D5 /* BayaFrameLayout.swift */,
				4BCBC55E061AC05FD0A52BA54CF379F7 /* BayaGravityLayout.swift */,
				BFDA2896654D28CABD15D4FB18BE3257 /* BayaLinearLayout.swift */,
				C6337C103C86EFDFCD1D9DFC8EE1D99B /* BayaMatchParentLayout.swift */,
				304BCCB876A2BF35B546DBBBD34CC7EB /* BayaOriginResetLayout.swift */,
				0345DDDEFF4861E695CC75BF46DE6BB7 /* BayaPagedScrollLayout.swift */,
				3C4057CB0A97B9D4CF21CB311EBC19E6 /* BayaPercentalSizeLayout.swift */,
				8BC9B3AF9D8626752F9B1C3BA5213E0C /* BayaScrollLayout.swift */,
				20CF5B4758F933B73D155E1DB65323A3 /* BayaSquareLayout.swift */,
			);
			path = layouts;
			sourceTree = "<group>";
		};
		DD5EE3A4F96E650B8B23401B1B3E7801 = {
			isa = PBXGroup;
			children = (
				050138DAEBF112DDA11D57DE648B5ABD /* Baya */,
				12A68E0D4A9294A382D3311095A67B42 /* BayaTests */,
				884DB30C05CC29CA14F485B708833F53 /* Products */,
			);
			sourceTree = "<group>";
		};
/* End PBXGroup section */

/* Begin PBXHeadersBuildPhase section */
		9A13D3561891C4498C321D1BEAB98B01 /* Headers */ = {
			isa = PBXHeadersBuildPhase;
			buildActionMask = 2147483647;
			files = (
				27F1EB8141D14DFB6BB2B8E7C5F50D5B /* Baya.h in Headers */,
			);
			runOnlyForDeploymentPostprocessing = 0;
		};
/* End PBXHeadersBuildPhase section */

/* Begin PBXNativeTarget section */
		62F0E6C68DBA0BB806E5858792B3CAE4 /* Baya */ = {
			isa = PBXNativeTarget;
			buildConfigurationList = F68B735C8BDDA0A8B09AD646B47060BD /* Build configuration list for PBXNativeTarget "Baya" */;
			buildPhases = (
				DBC0403FAC1BA33CAEA2E59624CDD574 /* Sources */,
				706A6736FE15BB7DFD8CE95FA5653405 /* Frameworks */,
				9A13D3561891C4498C321D1BEAB98B01 /* Headers */,
				7F06F315BCDB874991B373146A3D2F1B /* Resources */,
			);
			buildRules = (
			);
			dependencies = (
			);
			name = Baya;
			productName = Baya;
			productReference = 3769C9AFF9254132BA9F14C5F8ABCEFE /* Baya.framework */;
			productType = "com.apple.product-type.framework";
		};
		D0359E5A84FB8EA523D558CF07EA1A71 /* BayaTests */ = {
			isa = PBXNativeTarget;
			buildConfigurationList = 4625A5977C99AF4394C9DDD92B636912 /* Build configuration list for PBXNativeTarget "BayaTests" */;
			buildPhases = (
				790510874CDDFCD4EABE51AA3CBA4B55 /* Sources */,
				4277EFF983EF9FC3B0BD39147A1BCC69 /* Frameworks */,
				7EC56B9A3C35C3ED7699E1EC2A022BC3 /* Resources */,
			);
			buildRules = (
			);
			dependencies = (
				490704F196545969C05B3746921B5B8E /* PBXTargetDependency */,
			);
			name = BayaTests;
			productName = BayaTests;
			productReference = 02B54D90E7314AA21C229310F0A19D15 /* BayaTests.xctest */;
			productType = "com.apple.product-type.bundle.unit-test";
		};
/* End PBXNativeTarget section */

/* Begin PBXProject section */
		B40722EEF2F261335BF3ACBB7697AC4E /* Project object */ = {
			isa = PBXProject;
			attributes = {
				LastSwiftUpdateCheck = 0820;
				LastUpgradeCheck = 0820;
				ORGANIZATIONNAME = "wag it GmbH";
				TargetAttributes = {
					62F0E6C68DBA0BB806E5858792B3CAE4 = {
						CreatedOnToolsVersion = 8.2.1;
						ProvisioningStyle = Automatic;
					};
					D0359E5A84FB8EA523D558CF07EA1A71 = {
						CreatedOnToolsVersion = 8.2.1;
						ProvisioningStyle = Automatic;
					};
				};
			};
			buildConfigurationList = 28340828EBE1A48E3E4B773FC6EA779F /* Build configuration list for PBXProject "Baya" */;
			compatibilityVersion = "Xcode 3.2";
			developmentRegion = English;
			hasScannedForEncodings = 0;
			knownRegions = (
				en,
			);
			mainGroup = DD5EE3A4F96E650B8B23401B1B3E7801;
			productRefGroup = 884DB30C05CC29CA14F485B708833F53 /* Products */;
			projectDirPath = "";
			projectRoot = "";
			targets = (
				62F0E6C68DBA0BB806E5858792B3CAE4 /* Baya */,
				D0359E5A84FB8EA523D558CF07EA1A71 /* BayaTests */,
			);
		};
/* End PBXProject section */

/* Begin PBXResourcesBuildPhase section */
		7EC56B9A3C35C3ED7699E1EC2A022BC3 /* Resources */ = {
			isa = PBXResourcesBuildPhase;
			buildActionMask = 2147483647;
			files = (
			);
			runOnlyForDeploymentPostprocessing = 0;
		};
		7F06F315BCDB874991B373146A3D2F1B /* Resources */ = {
			isa = PBXResourcesBuildPhase;
			buildActionMask = 2147483647;
			files = (
			);
			runOnlyForDeploymentPostprocessing = 0;
		};
/* End PBXResourcesBuildPhase section */

/* Begin PBXSourcesBuildPhase section */
		790510874CDDFCD4EABE51AA3CBA4B55 /* Sources */ = {
			isa = PBXSourcesBuildPhase;
			buildActionMask = 2147483647;
			files = (
				5B9DC9B16B45EADBEF7BC43BF831752A /* BayaEqualSegmentsTests.swift in Sources */,
				EEB794FC1342C43EF4F9F3EF7F63080C /* BayaFixedSizeTests.swift in Sources */,
				93FB627410521E8C2EF32B6D7B9C067A /* BayaFlexibleContentTests.swift in Sources */,
				184BCA06BDCC2102EE128519C5AED0DB /* BayaFrameTests.swift in Sources */,
				93EE19B9FE075545B1160B7DFBADD3C9 /* BayaGravityTests.swift in Sources */,
				23F7B2F6634422B164F40FA71D212F9B /* BayaLinearTests.swift in Sources */,
				E92AA5F7CC3CEC71FBC66FD6D18EEB35 /* BayaMatchParentTests.swift in Sources */,
				036C5E81C301B4FF37042FE015A71E99 /* BayaOriginResetTests.swift in Sources */,
				6EFCFCF5B8663617DC4D0D031608FEC4 /* TestLayoutable.swift in Sources */,
			);
			runOnlyForDeploymentPostprocessing = 0;
		};
		DBC0403FAC1BA33CAEA2E59624CDD574 /* Sources */ = {
			isa = PBXSourcesBuildPhase;
			buildActionMask = 2147483647;
			files = (
				166282AEFE359E02497A6BC6D6FBF4CD /* BayaEqualSegmentsLayout.swift in Sources */,
				3287A13522FEBB3DE157BFAAC959A003 /* BayaFixedSizeLayout.swift in Sources */,
				18372E663DD7AFD15112EE61C0FB4684 /* BayaFlexibleContentLayout.swift in Sources */,
				D31CFC47481F2E5A99A43D5550347D68 /* BayaFrameLayout.swift in Sources */,
				A84CD432AA1C02F7DC2CE6DA701BD4F8 /* BayaGravityLayout.swift in Sources */,
				963CF5D2C24FE6CB3A98E1EB6E44BCE7 /* BayaLayout.swift in Sources */,
				0F8D77F19781CEE7FF2E200164FCB5C8 /* BayaLayoutIterator.swift in Sources */,
				55647CE0A5B62EED7126F800AD038335 /* BayaLayoutMode.swift in Sources */,
				B4D39FCBBB80BF0D269EC9CBDF65C94D /* BayaLayoutOptions.swift in Sources */,
				F82110C8762A8A6BBE717B90D79C5EAD /* BayaLayoutable.swift in Sources */,
				3CB2D65E569E003976E7FCBC2A5308FE /* BayaLinearLayout.swift in Sources */,
				A967692EDD83636DBBDEF9C763389390 /* BayaMatchParentLayout.swift in Sources */,
				54471EE876C4D0A85C07780C38A45B3D /* BayaOriginResetLayout.swift in Sources */,
				BC627431C4F148663EA3EA5F762EC319 /* BayaPagedScrollLayout.swift in Sources */,
				31E18B2D5F805AF0D7F9783AE373751A /* BayaPercentalSizeLayout.swift in Sources */,
				0243600AC596D12EA9DEA8600E383C3A /* BayaScrollLayout.swift in Sources */,
				FE3CD9AD1B326BBFAC2F7CD74DAA6470 /* BayaSquareLayout.swift in Sources */,
			);
			runOnlyForDeploymentPostprocessing = 0;
		};
/* End PBXSourcesBuildPhase section */

/* Begin PBXTargetDependency section */
		490704F196545969C05B3746921B5B8E /* PBXTargetDependency */ = {
			isa = PBXTargetDependency;
			target = 62F0E6C68DBA0BB806E5858792B3CAE4 /* Baya */;
			targetProxy = 6D11D46A8C07B187513DC2D8ADE47DE0 /* PBXContainerItemProxy */;
		};
/* End PBXTargetDependency section */

/* Begin XCBuildConfiguration section */
		2FACFB670C209E8F5BB384D245A6546D /* Release */ = {
			isa = XCBuildConfiguration;
			buildSettings = {
				ALWAYS_SEARCH_USER_PATHS = NO;
				CLANG_ANALYZER_NONNULL = YES;
				CLANG_CXX_LANGUAGE_STANDARD = "gnu++0x";
				CLANG_CXX_LIBRARY = "libc++";
				CLANG_ENABLE_MODULES = YES;
				CLANG_ENABLE_OBJC_ARC = YES;
				CLANG_WARN_BOOL_CONVERSION = YES;
				CLANG_WARN_CONSTANT_CONVERSION = YES;
				CLANG_WARN_DIRECT_OBJC_ISA_USAGE = YES_ERROR;
				CLANG_WARN_DOCUMENTATION_COMMENTS = YES;
				CLANG_WARN_EMPTY_BODY = YES;
				CLANG_WARN_ENUM_CONVERSION = YES;
				CLANG_WARN_INFINITE_RECURSION = YES;
				CLANG_WARN_INT_CONVERSION = YES;
				CLANG_WARN_OBJC_ROOT_CLASS = YES_ERROR;
				CLANG_WARN_SUSPICIOUS_MOVE = YES;
				CLANG_WARN_UNREACHABLE_CODE = YES;
				CLANG_WARN__DUPLICATE_METHOD_MATCH = YES;
				"CODE_SIGN_IDENTITY[sdk=iphoneos*]" = "iPhone Developer";
				COPY_PHASE_STRIP = NO;
				CURRENT_PROJECT_VERSION = 1;
				DEBUG_INFORMATION_FORMAT = "dwarf-with-dsym";
				ENABLE_NS_ASSERTIONS = NO;
				ENABLE_STRICT_OBJC_MSGSEND = YES;
				GCC_C_LANGUAGE_STANDARD = gnu99;
				GCC_NO_COMMON_BLOCKS = YES;
				GCC_WARN_64_TO_32_BIT_CONVERSION = YES;
				GCC_WARN_ABOUT_RETURN_TYPE = YES_ERROR;
				GCC_WARN_UNDECLARED_SELECTOR = YES;
				GCC_WARN_UNINITIALIZED_AUTOS = YES_AGGRESSIVE;
				GCC_WARN_UNUSED_FUNCTION = YES;
				GCC_WARN_UNUSED_VARIABLE = YES;
				IPHONEOS_DEPLOYMENT_TARGET = 9.0;
				MTL_ENABLE_DEBUG_INFO = NO;
				SDKROOT = iphoneos;
				SWIFT_OPTIMIZATION_LEVEL = "-Owholemodule";
				TARGETED_DEVICE_FAMILY = "1,2";
				VALIDATE_PRODUCT = YES;
				VERSIONING_SYSTEM = "apple-generic";
				VERSION_INFO_PREFIX = "";
			};
			name = Release;
		};
		5EAB38464F535C28401102010027F30A /* Debug */ = {
			isa = XCBuildConfiguration;
			buildSettings = {
				ALWAYS_SEARCH_USER_PATHS = NO;
				CLANG_ANALYZER_NONNULL = YES;
				CLANG_CXX_LANGUAGE_STANDARD = "gnu++0x";
				CLANG_CXX_LIBRARY = "libc++";
				CLANG_ENABLE_MODULES = YES;
				CLANG_ENABLE_OBJC_ARC = YES;
				CLANG_WARN_BOOL_CONVERSION = YES;
				CLANG_WARN_CONSTANT_CONVERSION = YES;
				CLANG_WARN_DIRECT_OBJC_ISA_USAGE = YES_ERROR;
				CLANG_WARN_DOCUMENTATION_COMMENTS = YES;
				CLANG_WARN_EMPTY_BODY = YES;
				CLANG_WARN_ENUM_CONVERSION = YES;
				CLANG_WARN_INFINITE_RECURSION = YES;
				CLANG_WARN_INT_CONVERSION = YES;
				CLANG_WARN_OBJC_ROOT_CLASS = YES_ERROR;
				CLANG_WARN_SUSPICIOUS_MOVE = YES;
				CLANG_WARN_UNREACHABLE_CODE = YES;
				CLANG_WARN__DUPLICATE_METHOD_MATCH = YES;
				"CODE_SIGN_IDENTITY[sdk=iphoneos*]" = "iPhone Developer";
				COPY_PHASE_STRIP = NO;
				CURRENT_PROJECT_VERSION = 1;
				DEBUG_INFORMATION_FORMAT = dwarf;
				ENABLE_STRICT_OBJC_MSGSEND = YES;
				ENABLE_TESTABILITY = YES;
				GCC_C_LANGUAGE_STANDARD = gnu99;
				GCC_DYNAMIC_NO_PIC = NO;
				GCC_NO_COMMON_BLOCKS = YES;
				GCC_OPTIMIZATION_LEVEL = 0;
				GCC_PREPROCESSOR_DEFINITIONS = (
					"DEBUG=1",
					"$(inherited)",
				);
				GCC_WARN_64_TO_32_BIT_CONVERSION = YES;
				GCC_WARN_ABOUT_RETURN_TYPE = YES_ERROR;
				GCC_WARN_UNDECLARED_SELECTOR = YES;
				GCC_WARN_UNINITIALIZED_AUTOS = YES_AGGRESSIVE;
				GCC_WARN_UNUSED_FUNCTION = YES;
				GCC_WARN_UNUSED_VARIABLE = YES;
				IPHONEOS_DEPLOYMENT_TARGET = 9.0;
				MTL_ENABLE_DEBUG_INFO = YES;
				ONLY_ACTIVE_ARCH = YES;
				SDKROOT = iphoneos;
				SWIFT_ACTIVE_COMPILATION_CONDITIONS = DEBUG;
				SWIFT_OPTIMIZATION_LEVEL = "-Onone";
				TARGETED_DEVICE_FAMILY = "1,2";
				VERSIONING_SYSTEM = "apple-generic";
				VERSION_INFO_PREFIX = "";
			};
			name = Debug;
		};
		B2C37C93CBD036858E79BBF35C007B86 /* Release */ = {
			isa = XCBuildConfiguration;
			buildSettings = {
				INFOPLIST_FILE = BayaTests/Info.plist;
				LD_RUNPATH_SEARCH_PATHS = "$(inherited) @executable_path/Frameworks @loader_path/Frameworks";
				PRODUCT_BUNDLE_IDENTIFIER = io.wagit.BayaTests;
				PRODUCT_NAME = "$(TARGET_NAME)";
				SWIFT_VERSION = 3.0;
			};
			name = Release;
		};
		C8898746DCDBCC2EB8C6268A819D9D47 /* Debug */ = {
			isa = XCBuildConfiguration;
			buildSettings = {
				CODE_SIGN_IDENTITY = "";
				DEFINES_MODULE = YES;
				DYLIB_COMPATIBILITY_VERSION = 1;
				DYLIB_CURRENT_VERSION = 1;
				DYLIB_INSTALL_NAME_BASE = "@rpath";
				INFOPLIST_FILE = Baya/Info.plist;
				INSTALL_PATH = "$(LOCAL_LIBRARY_DIR)/Frameworks";
				LD_RUNPATH_SEARCH_PATHS = "$(inherited) @executable_path/Frameworks @loader_path/Frameworks";
				PRODUCT_BUNDLE_IDENTIFIER = io.wagit.Baya;
				PRODUCT_NAME = "$(TARGET_NAME)";
				SKIP_INSTALL = YES;
				SWIFT_VERSION = 3.0;
			};
			name = Debug;
		};
		D5610D359CB83B923175E89AF69F5A9A /* Debug */ = {
			isa = XCBuildConfiguration;
			buildSettings = {
				INFOPLIST_FILE = BayaTests/Info.plist;
				LD_RUNPATH_SEARCH_PATHS = "$(inherited) @executable_path/Frameworks @loader_path/Frameworks";
				PRODUCT_BUNDLE_IDENTIFIER = io.wagit.BayaTests;
				PRODUCT_NAME = "$(TARGET_NAME)";
				SWIFT_VERSION = 3.0;
			};
			name = Debug;
		};
		FC959EF1E43DA9C597505E7B679F0AE4 /* Release */ = {
			isa = XCBuildConfiguration;
			buildSettings = {
				CODE_SIGN_IDENTITY = "";
				DEFINES_MODULE = YES;
				DYLIB_COMPATIBILITY_VERSION = 1;
				DYLIB_CURRENT_VERSION = 1;
				DYLIB_INSTALL_NAME_BASE = "@rpath";
				INFOPLIST_FILE = Baya/Info.plist;
				INSTALL_PATH = "$(LOCAL_LIBRARY_DIR)/Frameworks";
				LD_RUNPATH_SEARCH_PATHS = "$(inherited) @executable_path/Frameworks @loader_path/Frameworks";
				PRODUCT_BUNDLE_IDENTIFIER = io.wagit.Baya;
				PRODUCT_NAME = "$(TARGET_NAME)";
				SKIP_INSTALL = YES;
				SWIFT_VERSION = 3.0;
			};
			name = Release;
		};
/* End XCBuildConfiguration section */

/* Begin XCConfigurationList section */
		28340828EBE1A48E3E4B773FC6EA779F /* Build configuration list for PBXProject "Baya" */ = {
			isa = XCConfigurationList;
			buildConfigurations = (
				5EAB38464F535C28401102010027F30A /* Debug */,
				2FACFB670C209E8F5BB384D245A6546D /* Release */,
			);
			defaultConfigurationIsVisible = 0;
			defaultConfigurationName = Release;
		};
		4625A5977C99AF4394C9DDD92B636912 /* Build configuration list for PBXNativeTarget "BayaTests" */ = {
			isa = XCConfigurationList;
			buildConfigurations = (
				D5610D359CB83B923175E89AF69F5A9A /* Debug */,
				B2C37C93CBD036858E79BBF35C007B86 /* Release */,
			);
			defaultConfigurationIsVisible = 0;
			defaultConfigurationName = Release;
		};
		F68B735C8BDDA0A8B09AD646B47060BD /* Build configuration list for PBXNativeTarget "Baya" */ = {
			isa = XCConfigurationList;
			buildConfigurations = (
				C8898746DCDBCC2EB8C6268A819D9D47 /* Debug */,
				FC959EF1E43DA9C597505E7B679F0AE4 /* Release */,
			);
			defaultConfigurationIsVisible = 0;
			defaultConfigurationName = Release;
		};
/* End XCConfigurationList section */
	};
	rootObject = B40722EEF2F261335BF3ACBB7697AC4E /* Project object */;
}
